// !$*UTF8*$!
{
	archiveVersion = 1;
	classes = {
	};
	objectVersion = 56;
	objects = {

/* Begin PBXBuildFile section */
		9CE8407E2A4AE65400E5D893 /* locationspoofApp.swift in Sources */ = {isa = PBXBuildFile; fileRef = 9CE8407D2A4AE65400E5D893 /* locationspoofApp.swift */; };
		9CE840802A4AE65400E5D893 /* ContentView.swift in Sources */ = {isa = PBXBuildFile; fileRef = 9CE8407F2A4AE65400E5D893 /* ContentView.swift */; };
		9CE840822A4AE65800E5D893 /* Assets.xcassets in Resources */ = {isa = PBXBuildFile; fileRef = 9CE840812A4AE65800E5D893 /* Assets.xcassets */; };
		9CE840852A4AE65800E5D893 /* Preview Assets.xcassets in Resources */ = {isa = PBXBuildFile; fileRef = 9CE840842A4AE65800E5D893 /* Preview Assets.xcassets */; };
		9CE8408F2A4AE65900E5D893 /* locationspoofTests.swift in Sources */ = {isa = PBXBuildFile; fileRef = 9CE8408E2A4AE65900E5D893 /* locationspoofTests.swift */; };
		9CE840992A4AE65900E5D893 /* locationspoofUITests.swift in Sources */ = {isa = PBXBuildFile; fileRef = 9CE840982A4AE65900E5D893 /* locationspoofUITests.swift */; };
		9CE8409B2A4AE65900E5D893 /* locationspoofUITestsLaunchTests.swift in Sources */ = {isa = PBXBuildFile; fileRef = 9CE8409A2A4AE65900E5D893 /* locationspoofUITestsLaunchTests.swift */; };
/* End PBXBuildFile section */

/* Begin PBXContainerItemProxy section */
		9CE8408B2A4AE65900E5D893 /* PBXContainerItemProxy */ = {
			isa = PBXContainerItemProxy;
			containerPortal = 9CE840722A4AE65400E5D893 /* Project object */;
			proxyType = 1;
			remoteGlobalIDString = 9CE840792A4AE65400E5D893;
			remoteInfo = locationspoof;
		};
		9CE840952A4AE65900E5D893 /* PBXContainerItemProxy */ = {
			isa = PBXContainerItemProxy;
			containerPortal = 9CE840722A4AE65400E5D893 /* Project object */;
			proxyType = 1;
			remoteGlobalIDString = 9CE840792A4AE65400E5D893;
			remoteInfo = locationspoof;
		};
/* End PBXContainerItemProxy section */

/* Begin PBXFileReference section */
		9CE8407A2A4AE65400E5D893 /* locationspoof.app */ = {isa = PBXFileReference; explicitFileType = wrapper.application; includeInIndex = 0; path = locationspoof.app; sourceTree = BUILT_PRODUCTS_DIR; };
		9CE8407D2A4AE65400E5D893 /* locationspoofApp.swift */ = {isa = PBXFileReference; lastKnownFileType = sourcecode.swift; path = locationspoofApp.swift; sourceTree = "<group>"; };
		9CE8407F2A4AE65400E5D893 /* ContentView.swift */ = {isa = PBXFileReference; lastKnownFileType = sourcecode.swift; path = ContentView.swift; sourceTree = "<group>"; };
		9CE840812A4AE65800E5D893 /* Assets.xcassets */ = {isa = PBXFileReference; lastKnownFileType = folder.assetcatalog; path = Assets.xcassets; sourceTree = "<group>"; };
		9CE840842A4AE65800E5D893 /* Preview Assets.xcassets */ = {isa = PBXFileReference; lastKnownFileType = folder.assetcatalog; path = "Preview Assets.xcassets"; sourceTree = "<group>"; };
		9CE8408A2A4AE65900E5D893 /* locationspoofTests.xctest */ = {isa = PBXFileReference; explicitFileType = wrapper.cfbundle; includeInIndex = 0; path = locationspoofTests.xctest; sourceTree = BUILT_PRODUCTS_DIR; };
		9CE8408E2A4AE65900E5D893 /* locationspoofTests.swift */ = {isa = PBXFileReference; lastKnownFileType = sourcecode.swift; path = locationspoofTests.swift; sourceTree = "<group>"; };
		9CE840942A4AE65900E5D893 /* locationspoofUITests.xctest */ = {isa = PBXFileReference; explicitFileType = wrapper.cfbundle; includeInIndex = 0; path = locationspoofUITests.xctest; sourceTree = BUILT_PRODUCTS_DIR; };
		9CE840982A4AE65900E5D893 /* locationspoofUITests.swift */ = {isa = PBXFileReference; lastKnownFileType = sourcecode.swift; path = locationspoofUITests.swift; sourceTree = "<group>"; };
		9CE8409A2A4AE65900E5D893 /* locationspoofUITestsLaunchTests.swift */ = {isa = PBXFileReference; lastKnownFileType = sourcecode.swift; path = locationspoofUITestsLaunchTests.swift; sourceTree = "<group>"; };
		9CE840A72A4AE6D800E5D893 /* Location.gpx */ = {isa = PBXFileReference; lastKnownFileType = text.xml; path = Location.gpx; sourceTree = "<group>"; };
/* End PBXFileReference section */

/* Begin PBXFrameworksBuildPhase section */
		9CE840772A4AE65400E5D893 /* Frameworks */ = {
			isa = PBXFrameworksBuildPhase;
			buildActionMask = 2147483647;
			files = (
			);
			runOnlyForDeploymentPostprocessing = 0;
		};
		9CE840872A4AE65900E5D893 /* Frameworks */ = {
			isa = PBXFrameworksBuildPhase;
			buildActionMask = 2147483647;
			files = (
			);
			runOnlyForDeploymentPostprocessing = 0;
		};
		9CE840912A4AE65900E5D893 /* Frameworks */ = {
			isa = PBXFrameworksBuildPhase;
			buildActionMask = 2147483647;
			files = (
			);
			runOnlyForDeploymentPostprocessing = 0;
		};
/* End PBXFrameworksBuildPhase section */

/* Begin PBXGroup section */
		9CE840712A4AE65400E5D893 = {
			isa = PBXGroup;
			children = (
				9CE840A72A4AE6D800E5D893 /* Location.gpx */,
				9CE8407C2A4AE65400E5D893 /* locationspoof */,
				9CE8408D2A4AE65900E5D893 /* locationspoofTests */,
				9CE840972A4AE65900E5D893 /* locationspoofUITests */,
				9CE8407B2A4AE65400E5D893 /* Products */,
			);
			sourceTree = "<group>";
		};
		9CE8407B2A4AE65400E5D893 /* Products */ = {
			isa = PBXGroup;
			children = (
				9CE8407A2A4AE65400E5D893 /* locationspoof.app */,
				9CE8408A2A4AE65900E5D893 /* locationspoofTests.xctest */,
				9CE840942A4AE65900E5D893 /* locationspoofUITests.xctest */,
			);
			name = Products;
			sourceTree = "<group>";
		};
		9CE8407C2A4AE65400E5D893 /* locationspoof */ = {
			isa = PBXGroup;
			children = (
				9CE8407D2A4AE65400E5D893 /* locationspoofApp.swift */,
				9CE8407F2A4AE65400E5D893 /* ContentView.swift */,
				9CE840812A4AE65800E5D893 /* Assets.xcassets */,
				9CE840832A4AE65800E5D893 /* Preview Content */,
			);
			path = locationspoof;
			sourceTree = "<group>";
		};
		9CE840832A4AE65800E5D893 /* Preview Content */ = {
			isa = PBXGroup;
			children = (
				9CE840842A4AE65800E5D893 /* Preview Assets.xcassets */,
			);
			path = "Preview Content";
			sourceTree = "<group>";
		};
		9CE8408D2A4AE65900E5D893 /* locationspoofTests */ = {
			isa = PBXGroup;
			children = (
				9CE8408E2A4AE65900E5D893 /* locationspoofTests.swift */,
			);
			path = locationspoofTests;
			sourceTree = "<group>";
		};
		9CE840972A4AE65900E5D893 /* locationspoofUITests */ = {
			isa = PBXGroup;
			children = (
				9CE840982A4AE65900E5D893 /* locationspoofUITests.swift */,
				9CE8409A2A4AE65900E5D893 /* locationspoofUITestsLaunchTests.swift */,
			);
			path = locationspoofUITests;
			sourceTree = "<group>";
		};
/* End PBXGroup section */

/* Begin PBXNativeTarget section */
		9CE840792A4AE65400E5D893 /* locationspoof */ = {
			isa = PBXNativeTarget;
			buildConfigurationList = 9CE8409E2A4AE65900E5D893 /* Build configuration list for PBXNativeTarget "locationspoof" */;
			buildPhases = (
				9CE840762A4AE65400E5D893 /* Sources */,
				9CE840772A4AE65400E5D893 /* Frameworks */,
				9CE840782A4AE65400E5D893 /* Resources */,
			);
			buildRules = (
			);
			dependencies = (
			);
			name = locationspoof;
			productName = locationspoof;
			productReference = 9CE8407A2A4AE65400E5D893 /* locationspoof.app */;
			productType = "com.apple.product-type.application";
		};
		9CE840892A4AE65900E5D893 /* locationspoofTests */ = {
			isa = PBXNativeTarget;
			buildConfigurationList = 9CE840A12A4AE65900E5D893 /* Build configuration list for PBXNativeTarget "locationspoofTests" */;
			buildPhases = (
				9CE840862A4AE65900E5D893 /* Sources */,
				9CE840872A4AE65900E5D893 /* Frameworks */,
				9CE840882A4AE65900E5D893 /* Resources */,
			);
			buildRules = (
			);
			dependencies = (
				9CE8408C2A4AE65900E5D893 /* PBXTargetDependency */,
			);
			name = locationspoofTests;
			productName = locationspoofTests;
			productReference = 9CE8408A2A4AE65900E5D893 /* locationspoofTests.xctest */;
			productType = "com.apple.product-type.bundle.unit-test";
		};
		9CE840932A4AE65900E5D893 /* locationspoofUITests */ = {
			isa = PBXNativeTarget;
			buildConfigurationList = 9CE840A42A4AE65900E5D893 /* Build configuration list for PBXNativeTarget "locationspoofUITests" */;
			buildPhases = (
				9CE840902A4AE65900E5D893 /* Sources */,
				9CE840912A4AE65900E5D893 /* Frameworks */,
				9CE840922A4AE65900E5D893 /* Resources */,
			);
			buildRules = (
			);
			dependencies = (
				9CE840962A4AE65900E5D893 /* PBXTargetDependency */,
			);
			name = locationspoofUITests;
			productName = locationspoofUITests;
			productReference = 9CE840942A4AE65900E5D893 /* locationspoofUITests.xctest */;
			productType = "com.apple.product-type.bundle.ui-testing";
		};
/* End PBXNativeTarget section */

/* Begin PBXProject section */
		9CE840722A4AE65400E5D893 /* Project object */ = {
			isa = PBXProject;
			attributes = {
				BuildIndependentTargetsInParallel = 1;
				LastSwiftUpdateCheck = 1430;
				LastUpgradeCheck = 1430;
				ORGANIZATIONNAME = rajeev;
				TargetAttributes = {
					9CE840792A4AE65400E5D893 = {
						CreatedOnToolsVersion = 14.3.1;
					};
					9CE840892A4AE65900E5D893 = {
						CreatedOnToolsVersion = 14.3.1;
						TestTargetID = 9CE840792A4AE65400E5D893;
					};
					9CE840932A4AE65900E5D893 = {
						CreatedOnToolsVersion = 14.3.1;
						TestTargetID = 9CE840792A4AE65400E5D893;
					};
				};
			};
			buildConfigurationList = 9CE840752A4AE65400E5D893 /* Build configuration list for PBXProject "locationspoof" */;
			compatibilityVersion = "Xcode 14.0";
			developmentRegion = en;
			hasScannedForEncodings = 0;
			knownRegions = (
				en,
				Base,
			);
			mainGroup = 9CE840712A4AE65400E5D893;
			productRefGroup = 9CE8407B2A4AE65400E5D893 /* Products */;
			projectDirPath = "";
			projectRoot = "";
			targets = (
				9CE840792A4AE65400E5D893 /* locationspoof */,
				9CE840892A4AE65900E5D893 /* locationspoofTests */,
				9CE840932A4AE65900E5D893 /* locationspoofUITests */,
			);
		};
/* End PBXProject section */

/* Begin PBXResourcesBuildPhase section */
		9CE840782A4AE65400E5D893 /* Resources */ = {
			isa = PBXResourcesBuildPhase;
			buildActionMask = 2147483647;
			files = (
				9CE840852A4AE65800E5D893 /* Preview Assets.xcassets in Resources */,
				9CE840822A4AE65800E5D893 /* Assets.xcassets in Resources */,
			);
			runOnlyForDeploymentPostprocessing = 0;
		};
		9CE840882A4AE65900E5D893 /* Resources */ = {
			isa = PBXResourcesBuildPhase;
			buildActionMask = 2147483647;
			files = (
			);
			runOnlyForDeploymentPostprocessing = 0;
		};
		9CE840922A4AE65900E5D893 /* Resources */ = {
			isa = PBXResourcesBuildPhase;
			buildActionMask = 2147483647;
			files = (
			);
			runOnlyForDeploymentPostprocessing = 0;
		};
/* End PBXResourcesBuildPhase section */

/* Begin PBXSourcesBuildPhase section */
		9CE840762A4AE65400E5D893 /* Sources */ = {
			isa = PBXSourcesBuildPhase;
			buildActionMask = 2147483647;
			files = (
				9CE840802A4AE65400E5D893 /* ContentView.swift in Sources */,
				9CE8407E2A4AE65400E5D893 /* locationspoofApp.swift in Sources */,
			);
			runOnlyForDeploymentPostprocessing = 0;
		};
		9CE840862A4AE65900E5D893 /* Sources */ = {
			isa = PBXSourcesBuildPhase;
			buildActionMask = 2147483647;
			files = (
				9CE8408F2A4AE65900E5D893 /* locationspoofTests.swift in Sources */,
			);
			runOnlyForDeploymentPostprocessing = 0;
		};
		9CE840902A4AE65900E5D893 /* Sources */ = {
			isa = PBXSourcesBuildPhase;
			buildActionMask = 2147483647;
			files = (
				9CE840992A4AE65900E5D893 /* locationspoofUITests.swift in Sources */,
				9CE8409B2A4AE65900E5D893 /* locationspoofUITestsLaunchTests.swift in Sources */,
			);
			runOnlyForDeploymentPostprocessing = 0;
		};
/* End PBXSourcesBuildPhase section */

/* Begin PBXTargetDependency section */
		9CE8408C2A4AE65900E5D893 /* PBXTargetDependency */ = {
			isa = PBXTargetDependency;
			target = 9CE840792A4AE65400E5D893 /* locationspoof */;
			targetProxy = 9CE8408B2A4AE65900E5D893 /* PBXContainerItemProxy */;
		};
		9CE840962A4AE65900E5D893 /* PBXTargetDependency */ = {
			isa = PBXTargetDependency;
			target = 9CE840792A4AE65400E5D893 /* locationspoof */;
			targetProxy = 9CE840952A4AE65900E5D893 /* PBXContainerItemProxy */;
		};
/* End PBXTargetDependency section */

/* Begin XCBuildConfiguration section */
		9CE8409C2A4AE65900E5D893 /* Debug */ = {
			isa = XCBuildConfiguration;
			buildSettings = {
				ALWAYS_SEARCH_USER_PATHS = NO;
				CLANG_ANALYZER_NONNULL = YES;
				CLANG_ANALYZER_NUMBER_OBJECT_CONVERSION = YES_AGGRESSIVE;
				CLANG_CXX_LANGUAGE_STANDARD = "gnu++20";
				CLANG_ENABLE_MODULES = YES;
				CLANG_ENABLE_OBJC_ARC = YES;
				CLANG_ENABLE_OBJC_WEAK = YES;
				CLANG_WARN_BLOCK_CAPTURE_AUTORELEASING = YES;
				CLANG_WARN_BOOL_CONVERSION = YES;
				CLANG_WARN_COMMA = YES;
				CLANG_WARN_CONSTANT_CONVERSION = YES;
				CLANG_WARN_DEPRECATED_OBJC_IMPLEMENTATIONS = YES;
				CLANG_WARN_DIRECT_OBJC_ISA_USAGE = YES_ERROR;
				CLANG_WARN_DOCUMENTATION_COMMENTS = YES;
				CLANG_WARN_EMPTY_BODY = YES;
				CLANG_WARN_ENUM_CONVERSION = YES;
				CLANG_WARN_INFINITE_RECURSION = YES;
				CLANG_WARN_INT_CONVERSION = YES;
				CLANG_WARN_NON_LITERAL_NULL_CONVERSION = YES;
				CLANG_WARN_OBJC_IMPLICIT_RETAIN_SELF = YES;
				CLANG_WARN_OBJC_LITERAL_CONVERSION = YES;
				CLANG_WARN_OBJC_ROOT_CLASS = YES_ERROR;
				CLANG_WARN_QUOTED_INCLUDE_IN_FRAMEWORK_HEADER = YES;
				CLANG_WARN_RANGE_LOOP_ANALYSIS = YES;
				CLANG_WARN_STRICT_PROTOTYPES = YES;
				CLANG_WARN_SUSPICIOUS_MOVE = YES;
				CLANG_WARN_UNGUARDED_AVAILABILITY = YES_AGGRESSIVE;
				CLANG_WARN_UNREACHABLE_CODE = YES;
				CLANG_WARN__DUPLICATE_METHOD_MATCH = YES;
				COPY_PHASE_STRIP = NO;
				DEBUG_INFORMATION_FORMAT = dwarf;
				ENABLE_STRICT_OBJC_MSGSEND = YES;
				ENABLE_TESTABILITY = YES;
				GCC_C_LANGUAGE_STANDARD = gnu11;
				GCC_DYNAMIC_NO_PIC = NO;
				GCC_NO_COMMON_BLOCKS = YES;
				GCC_OPTIMIZATION_LEVEL = 0;
				GCC_PREPROCESSOR_DEFINITIONS = (
					"DEBUG=1",
					"$(inherited)",
				);
				GCC_WARN_64_TO_32_BIT_CONVERSION = YES;
				GCC_WARN_ABOUT_RETURN_TYPE = YES_ERROR;
				GCC_WARN_UNDECLARED_SELECTOR = YES;
				GCC_WARN_UNINITIALIZED_AUTOS = YES_AGGRESSIVE;
				GCC_WARN_UNUSED_FUNCTION = YES;
				GCC_WARN_UNUSED_VARIABLE = YES;
				IPHONEOS_DEPLOYMENT_TARGET = 16.3;
				MTL_ENABLE_DEBUG_INFO = INCLUDE_SOURCE;
				MTL_FAST_MATH = YES;
				ONLY_ACTIVE_ARCH = YES;
				SDKROOT = iphoneos;
				SWIFT_ACTIVE_COMPILATION_CONDITIONS = DEBUG;
				SWIFT_OPTIMIZATION_LEVEL = "-Onone";
			};
			name = Debug;
		};
		9CE8409D2A4AE65900E5D893 /* Release */ = {
			isa = XCBuildConfiguration;
			buildSettings = {
				ALWAYS_SEARCH_USER_PATHS = NO;
				CLANG_ANALYZER_NONNULL = YES;
				CLANG_ANALYZER_NUMBER_OBJECT_CONVERSION = YES_AGGRESSIVE;
				CLANG_CXX_LANGUAGE_STANDARD = "gnu++20";
				CLANG_ENABLE_MODULES = YES;
				CLANG_ENABLE_OBJC_ARC = YES;
				CLANG_ENABLE_OBJC_WEAK = YES;
				CLANG_WARN_BLOCK_CAPTURE_AUTORELEASING = YES;
				CLANG_WARN_BOOL_CONVERSION = YES;
				CLANG_WARN_COMMA = YES;
				CLANG_WARN_CONSTANT_CONVERSION = YES;
				CLANG_WARN_DEPRECATED_OBJC_IMPLEMENTATIONS = YES;
				CLANG_WARN_DIRECT_OBJC_ISA_USAGE = YES_ERROR;
				CLANG_WARN_DOCUMENTATION_COMMENTS = YES;
				CLANG_WARN_EMPTY_BODY = YES;
				CLANG_WARN_ENUM_CONVERSION = YES;
				CLANG_WARN_INFINITE_RECURSION = YES;
				CLANG_WARN_INT_CONVERSION = YES;
				CLANG_WARN_NON_LITERAL_NULL_CONVERSION = YES;
				CLANG_WARN_OBJC_IMPLICIT_RETAIN_SELF = YES;
				CLANG_WARN_OBJC_LITERAL_CONVERSION = YES;
				CLANG_WARN_OBJC_ROOT_CLASS = YES_ERROR;
				CLANG_WARN_QUOTED_INCLUDE_IN_FRAMEWORK_HEADER = YES;
				CLANG_WARN_RANGE_LOOP_ANALYSIS = YES;
				CLANG_WARN_STRICT_PROTOTYPES = YES;
				CLANG_WARN_SUSPICIOUS_MOVE = YES;
				CLANG_WARN_UNGUARDED_AVAILABILITY = YES_AGGRESSIVE;
				CLANG_WARN_UNREACHABLE_CODE = YES;
				CLANG_WARN__DUPLICATE_METHOD_MATCH = YES;
				COPY_PHASE_STRIP = NO;
				DEBUG_INFORMATION_FORMAT = "dwarf-with-dsym";
				ENABLE_NS_ASSERTIONS = NO;
				ENABLE_STRICT_OBJC_MSGSEND = YES;
				GCC_C_LANGUAGE_STANDARD = gnu11;
				GCC_NO_COMMON_BLOCKS = YES;
				GCC_WARN_64_TO_32_BIT_CONVERSION = YES;
				GCC_WARN_ABOUT_RETURN_TYPE = YES_ERROR;
				GCC_WARN_UNDECLARED_SELECTOR = YES;
				GCC_WARN_UNINITIALIZED_AUTOS = YES_AGGRESSIVE;
				GCC_WARN_UNUSED_FUNCTION = YES;
				GCC_WARN_UNUSED_VARIABLE = YES;
				IPHONEOS_DEPLOYMENT_TARGET = 16.3;
				MTL_ENABLE_DEBUG_INFO = NO;
				MTL_FAST_MATH = YES;
				SDKROOT = iphoneos;
				SWIFT_COMPILATION_MODE = wholemodule;
				SWIFT_OPTIMIZATION_LEVEL = "-O";
				VALIDATE_PRODUCT = YES;
			};
			name = Release;
		};
		9CE8409F2A4AE65900E5D893 /* Debug */ = {
			isa = XCBuildConfiguration;
			buildSettings = {
				ASSETCATALOG_COMPILER_APPICON_NAME = AppIcon;
				ASSETCATALOG_COMPILER_GLOBAL_ACCENT_COLOR_NAME = AccentColor;
				CODE_SIGN_STYLE = Automatic;
				CURRENT_PROJECT_VERSION = 1;
				DEVELOPMENT_ASSET_PATHS = "\"locationspoof/Preview Content\"";
				DEVELOPMENT_TEAM = T8K5TGXJ58;
				ENABLE_PREVIEWS = YES;
				GENERATE_INFOPLIST_FILE = YES;
				INFOPLIST_KEY_UIApplicationSceneManifest_Generation = YES;
				INFOPLIST_KEY_UIApplicationSupportsIndirectInputEvents = YES;
				INFOPLIST_KEY_UILaunchScreen_Generation = YES;
				INFOPLIST_KEY_UISupportedInterfaceOrientations_iPad = "UIInterfaceOrientationPortrait UIInterfaceOrientationPortraitUpsideDown UIInterfaceOrientationLandscapeLeft UIInterfaceOrientationLandscapeRight";
				INFOPLIST_KEY_UISupportedInterfaceOrientations_iPhone = "UIInterfaceOrientationPortrait UIInterfaceOrientationLandscapeLeft UIInterfaceOrientationLandscapeRight";
				LD_RUNPATH_SEARCH_PATHS = (
					"$(inherited)",
					"@executable_path/Frameworks",
				);
				MARKETING_VERSION = 1.0;
				PRODUCT_BUNDLE_IDENTIFIER = com.rajeev.locationspoof;
				PRODUCT_NAME = "$(TARGET_NAME)";
				SWIFT_EMIT_LOC_STRINGS = YES;
				SWIFT_VERSION = 5.0;
				TARGETED_DEVICE_FAMILY = "1,2";
			};
			name = Debug;
		};
		9CE840A02A4AE65900E5D893 /* Release */ = {
			isa = XCBuildConfiguration;
			buildSettings = {
				ASSETCATALOG_COMPILER_APPICON_NAME = AppIcon;
				ASSETCATALOG_COMPILER_GLOBAL_ACCENT_COLOR_NAME = AccentColor;
				CODE_SIGN_STYLE = Automatic;
				CURRENT_PROJECT_VERSION = 1;
				DEVELOPMENT_ASSET_PATHS = "\"locationspoof/Preview Content\"";
				DEVELOPMENT_TEAM = T8K5TGXJ58;
				ENABLE_PREVIEWS = YES;
				GENERATE_INFOPLIST_FILE = YES;
				INFOPLIST_KEY_UIApplicationSceneManifest_Generation = YES;
				INFOPLIST_KEY_UIApplicationSupportsIndirectInputEvents = YES;
				INFOPLIST_KEY_UILaunchScreen_Generation = YES;
				INFOPLIST_KEY_UISupportedInterfaceOrientations_iPad = "UIInterfaceOrientationPortrait UIInterfaceOrientationPortraitUpsideDown UIInterfaceOrientationLandscapeLeft UIInterfaceOrientationLandscapeRight";
				INFOPLIST_KEY_UISupportedInterfaceOrientations_iPhone = "UIInterfaceOrientationPortrait UIInterfaceOrientationLandscapeLeft UIInterfaceOrientationLandscapeRight";
				LD_RUNPATH_SEARCH_PATHS = (
					"$(inherited)",
					"@executable_path/Frameworks",
				);
				MARKETING_VERSION = 1.0;
				PRODUCT_BUNDLE_IDENTIFIER = com.rajeev.locationspoof;
				PRODUCT_NAME = "$(TARGET_NAME)";
				SWIFT_EMIT_LOC_STRINGS = YES;
				SWIFT_VERSION = 5.0;
				TARGETED_DEVICE_FAMILY = "1,2";
			};
			name = Release;
		};
		9CE840A22A4AE65900E5D893 /* Debug */ = {
			isa = XCBuildConfiguration;
			buildSettings = {
				ALWAYS_EMBED_SWIFT_STANDARD_LIBRARIES = YES;
				BUNDLE_LOADER = "$(TEST_HOST)";
				CODE_SIGN_STYLE = Automatic;
				CURRENT_PROJECT_VERSION = 1;
				DEVELOPMENT_TEAM = T8K5TGXJ58;
				GENERATE_INFOPLIST_FILE = YES;
				IPHONEOS_DEPLOYMENT_TARGET = 16.3;
				MARKETING_VERSION = 1.0;
				PRODUCT_BUNDLE_IDENTIFIER = com.rajeev.locationspoofTests;
				PRODUCT_NAME = "$(TARGET_NAME)";
				SWIFT_EMIT_LOC_STRINGS = NO;
				SWIFT_VERSION = 5.0;
				TARGETED_DEVICE_FAMILY = "1,2";
				TEST_HOST = "$(BUILT_PRODUCTS_DIR)/locationspoof.app/$(BUNDLE_EXECUTABLE_FOLDER_PATH)/locationspoof";
			};
			name = Debug;
		};
		9CE840A32A4AE65900E5D893 /* Release */ = {
			isa = XCBuildConfiguration;
			buildSettings = {
				ALWAYS_EMBED_SWIFT_STANDARD_LIBRARIES = YES;
				BUNDLE_LOADER = "$(TEST_HOST)";
				CODE_SIGN_STYLE = Automatic;
				CURRENT_PROJECT_VERSION = 1;
				DEVELOPMENT_TEAM = T8K5TGXJ58;
				GENERATE_INFOPLIST_FILE = YES;
				IPHONEOS_DEPLOYMENT_TARGET = 16.3;
				MARKETING_VERSION = 1.0;
				PRODUCT_BUNDLE_IDENTIFIER = com.rajeev.locationspoofTests;
				PRODUCT_NAME = "$(TARGET_NAME)";
				SWIFT_EMIT_LOC_STRINGS = NO;
				SWIFT_VERSION = 5.0;
				TARGETED_DEVICE_FAMILY = "1,2";
				TEST_HOST = "$(BUILT_PRODUCTS_DIR)/locationspoof.app/$(BUNDLE_EXECUTABLE_FOLDER_PATH)/locationspoof";
			};
			name = Release;
		};
		9CE840A52A4AE65900E5D893 /* Debug */ = {
			isa = XCBuildConfiguration;
			buildSettings = {
				ALWAYS_EMBED_SWIFT_STANDARD_LIBRARIES = YES;
				CODE_SIGN_STYLE = Automatic;
				CURRENT_PROJECT_VERSION = 1;
				DEVELOPMENT_TEAM = T8K5TGXJ58;
				GENERATE_INFOPLIST_FILE = YES;
				MARKETING_VERSION = 1.0;
				PRODUCT_BUNDLE_IDENTIFIER = com.rajeev.locationspoofUITests;
				PRODUCT_NAME = "$(TARGET_NAME)";
				SWIFT_EMIT_LOC_STRINGS = NO;
				SWIFT_VERSION = 5.0;
				TARGETED_DEVICE_FAMILY = "1,2";
				TEST_TARGET_NAME = locationspoof;
			};
			name = Debug;
		};
		9CE840A62A4AE65900E5D893 /* Release */ = {
			isa = XCBuildConfiguration;
			buildSettings = {
				ALWAYS_EMBED_SWIFT_STANDARD_LIBRARIES = YES;
				CODE_SIGN_STYLE = Automatic;
				CURRENT_PROJECT_VERSION = 1;
				DEVELOPMENT_TEAM = T8K5TGXJ58;
				GENERATE_INFOPLIST_FILE = YES;
				MARKETING_VERSION = 1.0;
				PRODUCT_BUNDLE_IDENTIFIER = com.rajeev.locationspoofUITests;
				PRODUCT_NAME = "$(TARGET_NAME)";
				SWIFT_EMIT_LOC_STRINGS = NO;
				SWIFT_VERSION = 5.0;
				TARGETED_DEVICE_FAMILY = "1,2";
				TEST_TARGET_NAME = locationspoof;
			};
			name = Release;
		};
/* End XCBuildConfiguration section */

/* Begin XCConfigurationList section */
		9CE840752A4AE65400E5D893 /* Build configuration list for PBXProject "locationspoof" */ = {
			isa = XCConfigurationList;
			buildConfigurations = (
				9CE8409C2A4AE65900E5D893 /* Debug */,
				9CE8409D2A4AE65900E5D893 /* Release */,
			);
			defaultConfigurationIsVisible = 0;
			defaultConfigurationName = Release;
		};
		9CE8409E2A4AE65900E5D893 /* Build configuration list for PBXNativeTarget "locationspoof" */ = {
			isa = XCConfigurationList;
			buildConfigurations = (
				9CE8409F2A4AE65900E5D893 /* Debug */,
				9CE840A02A4AE65900E5D893 /* Release */,
			);
			defaultConfigurationIsVisible = 0;
			defaultConfigurationName = Release;
		};
		9CE840A12A4AE65900E5D893 /* Build configuration list for PBXNativeTarget "locationspoofTests" */ = {
			isa = XCConfigurationList;
			buildConfigurations = (
				9CE840A22A4AE65900E5D893 /* Debug */,
				9CE840A32A4AE65900E5D893 /* Release */,
			);
			defaultConfigurationIsVisible = 0;
			defaultConfigurationName = Release;
		};
		9CE840A42A4AE65900E5D893 /* Build configuration list for PBXNativeTarget "locationspoofUITests" */ = {
			isa = XCConfigurationList;
			buildConfigurations = (
				9CE840A52A4AE65900E5D893 /* Debug */,
				9CE840A62A4AE65900E5D893 /* Release */,
			);
			defaultConfigurationIsVisible = 0;
			defaultConfigurationName = Release;
		};
/* End XCConfigurationList section */
	};
	rootObject = 9CE840722A4AE65400E5D893 /* Project object */;
}
